
Microsoft Visual Studio Solution File, Format Version 12.00
# Visual Studio 15
VisualStudioVersion = 15.0.28307.757
MinimumVisualStudioVersion = 10.0.40219.1
Project("{8BC9CEB8-8B4A-11D0-8D11-00A0C91BC942}") = "lab1", "lab1\lab1.vcxproj", "{9A75F2A8-003F-4A36-9DEF-415D5D72A081}"
EndProject
Global
	GlobalSection(SolutionConfigurationPlatforms) = preSolution
		Debug|x64 = Debug|x64
		Debug|x86 = Debug|x86
		Release|x64 = Release|x64
		Release|x86 = Release|x86
	EndGlobalSection
	GlobalSection(ProjectConfigurationPlatforms) = postSolution
		{9A75F2A8-003F-4A36-9DEF-415D5D72A081}.Debug|x64.ActiveCfg = Debug|x64
		{9A75F2A8-003F-4A36-9DEF-415D5D72A081}.Debug|x64.Build.0 = Debug|x64
		{9A75F2A8-003F-4A36-9DEF-415D5D72A081}.Debug|x86.ActiveCfg = Debug|Win32
		{9A75F2A8-003F-4A36-9DEF-415D5D72A081}.Debug|x86.Build.0 = Debug|Win32
		{9A75F2A8-003F-4A36-9DEF-415D5D72A081}.Release|x64.ActiveCfg = Release|x64
		{9A75F2A8-003F-4A36-9DEF-415D5D72A081}.Release|x64.Build.0 = Release|x64
		{9A75F2A8-003F-4A36-9DEF-415D5D72A081}.Release|x86.ActiveCfg = Release|Win32
		{9A75F2A8-003F-4A36-9DEF-415D5D72A081}.Release|x86.Build.0 = Release|Win32
	EndGlobalSection
	GlobalSection(SolutionProperties) = preSolution
		HideSolutionNode = FALSE
	EndGlobalSection
	GlobalSection(ExtensibilityGlobals) = postSolution
		SolutionGuid = {623FBD5C-6C14-401A-B4FB-AAC9B57FC305}
	EndGlobalSection
EndGlobal
